{
  "name": "searchbot",
  "version": "1.0.0",
  "lockfileVersion": 1,
  "requires": true,
  "dependencies": {
    "autolink-js": {
      "version": "1.0.2",
      "resolved": "https://registry.npmjs.org/autolink-js/-/autolink-js-1.0.2.tgz",
      "integrity": "sha1-L7RDq4sQGrFZFWDMaZsqXDPwvfM="
    },
    "hyperlinker": {
      "version": "1.0.0",
      "resolved": "https://registry.npmjs.org/hyperlinker/-/hyperlinker-1.0.0.tgz",
      "integrity": "sha512-Ty8UblRWFEcfSuIaajM34LdPXIhbs1ajEX/BBPv24J+enSVaEVY63xQ6lTO9VRYS5LAoghIG0IDJ+p+IPzKUQQ=="
    },
    "linkify-it": {
      "version": "2.0.3",
      "resolved": "https://registry.npmjs.org/linkify-it/-/linkify-it-2.0.3.tgz",
      "integrity": "sha1-2UpGSPmxwXnWT6lykSaL22zpQ08=",
      "requires": {
        "uc.micro": "1.0.5"
      }
    },
    "react-native-hyperlink": {
      "version": "0.0.12",
      "resolved": "https://registry.npmjs.org/react-native-hyperlink/-/react-native-hyperlink-0.0.12.tgz",
      "integrity": "sha1-B/zYG9wj2jXa/eBUYHM0c5ityv8=",
      "requires": {
        "linkify-it": "1.2.4"
      },
      "dependencies": {
        "linkify-it": {
          "version": "1.2.4",
          "resolved": "https://registry.npmjs.org/linkify-it/-/linkify-it-1.2.4.tgz",
          "integrity": "sha1-B3NSbDF8j9E71TTuHRgP+Iq/iBo=",
          "requires": {
            "uc.micro": "1.0.5"
          }
        }
      }
    },
    "uc.micro": {
      "version": "1.0.5",
      "resolved": "https://registry.npmjs.org/uc.micro/-/uc.micro-1.0.5.tgz",
      "integrity": "sha512-JoLI4g5zv5qNyT09f4YAvEZIIV1oOjqnewYg5D38dkQljIzpPT296dbIGvKro3digYI1bkb7W6EP1y4uDlmzLg=="
    }
  }
}
