{
  "name": "searchbot",
  "version": "1.0.0",
  "lockfileVersion": 1,
  "requires": true,
  "dependencies": {
    "assert-ok": {
      "version": "1.0.0",
      "resolved": "https://registry.npmjs.org/assert-ok/-/assert-ok-1.0.0.tgz",
      "integrity": "sha1-W1z3lfknXFnHFNZsOgbX3nDkPsg="
    },
    "autolink-js": {
      "version": "1.0.2",
      "resolved": "https://registry.npmjs.org/autolink-js/-/autolink-js-1.0.2.tgz",
      "integrity": "sha1-L7RDq4sQGrFZFWDMaZsqXDPwvfM="
    },
    "cast-array": {
      "version": "1.0.1",
      "resolved": "https://registry.npmjs.org/cast-array/-/cast-array-1.0.1.tgz",
      "integrity": "sha1-Jk7xEp5YiLxIysQP6RTp9puNGJ0=",
      "requires": {
        "isarray": "0.0.1"
      }
    },
    "hyperlinker": {
      "version": "1.0.0",
      "resolved": "https://registry.npmjs.org/hyperlinker/-/hyperlinker-1.0.0.tgz",
      "integrity": "sha512-Ty8UblRWFEcfSuIaajM34LdPXIhbs1ajEX/BBPv24J+enSVaEVY63xQ6lTO9VRYS5LAoghIG0IDJ+p+IPzKUQQ=="
    },
    "isarray": {
      "version": "0.0.1",
      "resolved": "https://registry.npmjs.org/isarray/-/isarray-0.0.1.tgz",
      "integrity": "sha1-ihis/Kmo9Bd+Cav8YDiTmwXR7t8="
    },
    "linkify-it": {
      "version": "2.0.3",
      "resolved": "https://registry.npmjs.org/linkify-it/-/linkify-it-2.0.3.tgz",
      "integrity": "sha1-2UpGSPmxwXnWT6lykSaL22zpQ08=",
      "requires": {
        "uc.micro": "1.0.5"
      }
    },
    "mailto-link": {
      "version": "1.0.0",
      "resolved": "https://registry.npmjs.org/mailto-link/-/mailto-link-1.0.0.tgz",
      "integrity": "sha1-9Sqp/MEXPLOAkV3xZNsxSRiRUl0=",
      "requires": {
        "assert-ok": "1.0.0",
        "cast-array": "1.0.1",
        "object-filter": "1.0.2",
        "query-string": "2.4.2"
      }
    },
    "object-filter": {
      "version": "1.0.2",
      "resolved": "https://registry.npmjs.org/object-filter/-/object-filter-1.0.2.tgz",
      "integrity": "sha1-rwt5f/6+r4pSxmN87b6IFs/sG8g="
    },
    "query-string": {
      "version": "2.4.2",
      "resolved": "https://registry.npmjs.org/query-string/-/query-string-2.4.2.tgz",
      "integrity": "sha1-fbBmZCCAS6qSrp8miWKFWnYUPfs=",
      "requires": {
        "strict-uri-encode": "1.1.0"
      }
    },
    "react-native-hyperlink": {
      "version": "0.0.12",
      "resolved": "https://registry.npmjs.org/react-native-hyperlink/-/react-native-hyperlink-0.0.12.tgz",
      "integrity": "sha1-B/zYG9wj2jXa/eBUYHM0c5ityv8=",
      "requires": {
        "linkify-it": "1.2.4"
      },
      "dependencies": {
        "linkify-it": {
          "version": "1.2.4",
          "resolved": "https://registry.npmjs.org/linkify-it/-/linkify-it-1.2.4.tgz",
          "integrity": "sha1-B3NSbDF8j9E71TTuHRgP+Iq/iBo=",
          "requires": {
            "uc.micro": "1.0.5"
          }
        }
      }
    },
    "strict-uri-encode": {
      "version": "1.1.0",
      "resolved": "https://registry.npmjs.org/strict-uri-encode/-/strict-uri-encode-1.1.0.tgz",
      "integrity": "sha1-J5siXfHVgrH1TmWt3UNS4Y+qBxM="
    },
    "uc.micro": {
      "version": "1.0.5",
      "resolved": "https://registry.npmjs.org/uc.micro/-/uc.micro-1.0.5.tgz",
      "integrity": "sha512-JoLI4g5zv5qNyT09f4YAvEZIIV1oOjqnewYg5D38dkQljIzpPT296dbIGvKro3digYI1bkb7W6EP1y4uDlmzLg=="
    }
  }
}
